
Microsoft Visual Studio Solution File, Format Version 12.00
# Visual Studio Version 17
VisualStudioVersion = 17.9.34607.119
MinimumVisualStudioVersion = 10.0.40219.1
Project("{9A19103F-16F7-4668-BE54-9A1E7A4F7556}") = "FPSSpectate", "FPSSpectate.csproj", "{F31EB05C-4258-41E4-9AC0-86DCCBAE471B}"
EndProject
Global
	GlobalSection(SolutionConfigurationPlatforms) = preSolution
		Debug|Any CPU = Debug|Any CPU
		Release|Any CPU = Release|Any CPU
	EndGlobalSection
	GlobalSection(ProjectConfigurationPlatforms) = postSolution
		{F31EB05C-4258-41E4-9AC0-86DCCBAE471B}.Debug|Any CPU.ActiveCfg = Debug|Any CPU
		{F31EB05C-4258-41E4-9AC0-86DCCBAE471B}.Debug|Any CPU.Build.0 = Debug|Any CPU
		{F31EB05C-4258-41E4-9AC0-86DCCBAE471B}.Release|Any CPU.ActiveCfg = Release|Any CPU
		{F31EB05C-4258-41E4-9AC0-86DCCBAE471B}.Release|Any CPU.Build.0 = Release|Any CPU
	EndGlobalSection
	GlobalSection(SolutionProperties) = preSolution
		HideSolutionNode = FALSE
	EndGlobalSection
	GlobalSection(ExtensibilityGlobals) = postSolution
		SolutionGuid = {F2E10401-DEA6-44D5-907D-EC14E07B7B94}
	EndGlobalSection
EndGlobal
